
Microsoft Visual Studio Solution File, Format Version 12.00
# Visual Studio Version 17
VisualStudioVersion = 17.7.34018.315
MinimumVisualStudioVersion = 10.0.40219.1
Project("{FAE04EC0-301F-11D3-BF4B-00C04F79EFBC}") = "BlazorEcommerce.Server", "BlazorEcommerce\Server\BlazorEcommerce.Server.csproj", "{EABA41F3-59D0-461C-8DEF-FD083C409E9F}"
EndProject
Project("{FAE04EC0-301F-11D3-BF4B-00C04F79EFBC}") = "BlazorEcommerce.Client", "BlazorEcommerce\Client\BlazorEcommerce.Client.csproj", "{490B9298-9058-441A-BCAF-C7C068F5FE7C}"
EndProject
Project("{FAE04EC0-301F-11D3-BF4B-00C04F79EFBC}") = "BlazorEcommerce.Shared", "BlazorEcommerce\Shared\BlazorEcommerce.Shared.csproj", "{F4FC9F3A-557E-4B08-AC99-9611915F8002}"
EndProject
Global
	GlobalSection(SolutionConfigurationPlatforms) = preSolution
		Debug|Any CPU = Debug|Any CPU
		Release|Any CPU = Release|Any CPU
	EndGlobalSection
	GlobalSection(ProjectConfigurationPlatforms) = postSolution
		{EABA41F3-59D0-461C-8DEF-FD083C409E9F}.Debug|Any CPU.ActiveCfg = Debug|Any CPU
		{EABA41F3-59D0-461C-8DEF-FD083C409E9F}.Debug|Any CPU.Build.0 = Debug|Any CPU
		{EABA41F3-59D0-461C-8DEF-FD083C409E9F}.Release|Any CPU.ActiveCfg = Release|Any CPU
		{EABA41F3-59D0-461C-8DEF-FD083C409E9F}.Release|Any CPU.Build.0 = Release|Any CPU
		{490B9298-9058-441A-BCAF-C7C068F5FE7C}.Debug|Any CPU.ActiveCfg = Debug|Any CPU
		{490B9298-9058-441A-BCAF-C7C068F5FE7C}.Debug|Any CPU.Build.0 = Debug|Any CPU
		{490B9298-9058-441A-BCAF-C7C068F5FE7C}.Release|Any CPU.ActiveCfg = Release|Any CPU
		{490B9298-9058-441A-BCAF-C7C068F5FE7C}.Release|Any CPU.Build.0 = Release|Any CPU
		{F4FC9F3A-557E-4B08-AC99-9611915F8002}.Debug|Any CPU.ActiveCfg = Debug|Any CPU
		{F4FC9F3A-557E-4B08-AC99-9611915F8002}.Debug|Any CPU.Build.0 = Debug|Any CPU
		{F4FC9F3A-557E-4B08-AC99-9611915F8002}.Release|Any CPU.ActiveCfg = Release|Any CPU
		{F4FC9F3A-557E-4B08-AC99-9611915F8002}.Release|Any CPU.Build.0 = Release|Any CPU
	EndGlobalSection
	GlobalSection(SolutionProperties) = preSolution
		HideSolutionNode = FALSE
	EndGlobalSection
	GlobalSection(ExtensibilityGlobals) = postSolution
		SolutionGuid = {BE37A229-3B32-448E-AEB3-F672A0CC470F}
	EndGlobalSection
EndGlobal
